{
  "name": "jhtexample",
  "version": "0.0.1",
  "lockfileVersion": 2,
  "requires": true,
  "packages": {
    "": {
      "name": "jhtexample",
      "version": "0.0.1",
      "hasInstallScript": true,
      "license": "UNLICENSED",
      "dependencies": {
        "jsHtmlTemplate": "https://github.com/DeQ78/jsHtmlTemplate.git"
      }
    },
    "node_modules/jsHtmlTemplate": {
      "name": "jshtmltemplate",
      "version": "0.0.1",
      "resolved": "git+ssh://git@github.com/DeQ78/jsHtmlTemplate.git#170d8bb2e6e3ed89261bc95e94dc188c67298a84",
      "license": "UNLICENSED"
    }
  },
  "dependencies": {
    "jsHtmlTemplate": {
      "version": "git+ssh://git@github.com/DeQ78/jsHtmlTemplate.git#170d8bb2e6e3ed89261bc95e94dc188c67298a84",
      "from": "jsHtmlTemplate@https://github.com/DeQ78/jsHtmlTemplate.git"
    }
  }
}
