{
  "name": "jhtexample",
  "version": "0.0.1",
  "lockfileVersion": 2,
  "requires": true,
  "packages": {
    "": {
      "name": "jhtexample",
      "version": "0.0.1",
      "license": "UNLICENSED",
      "dependencies": {
        "git": "file:github.com:DeQ78/jsHtmlTemplate.git"
      }
    },
    "github.com:DeQ78/jsHtmlTemplate.git": {},
    "node_modules/git": {
      "resolved": "github.com:DeQ78/jsHtmlTemplate.git",
      "link": true
    }
  },
  "dependencies": {
    "git": {
      "version": "file:github.com:DeQ78/jsHtmlTemplate.git"
    }
  }
}
